
Microsoft Visual Studio Solution File, Format Version 12.00
# Visual Studio Version 16
VisualStudioVersion = 16.0.30907.101
MinimumVisualStudioVersion = 10.0.40219.1
Project("{9A19103F-16F7-4668-BE54-9A1E7A4F7556}") = "Library", "Library\Library.csproj", "{419BA16C-E74F-45CB-92B8-2A405E137E04}"
EndProject
Project("{FAE04EC0-301F-11D3-BF4B-00C04F79EFBC}") = "Tests", "Tests\Tests.csproj", "{33994FE4-B9FD-46B5-BA3C-8A35622689FD}"
EndProject
Global
	GlobalSection(SolutionConfigurationPlatforms) = preSolution
		Debug|Any CPU = Debug|Any CPU
		Release|Any CPU = Release|Any CPU
	EndGlobalSection
	GlobalSection(ProjectConfigurationPlatforms) = postSolution
		{419BA16C-E74F-45CB-92B8-2A405E137E04}.Debug|Any CPU.ActiveCfg = Debug|Any CPU
		{419BA16C-E74F-45CB-92B8-2A405E137E04}.Debug|Any CPU.Build.0 = Debug|Any CPU
		{419BA16C-E74F-45CB-92B8-2A405E137E04}.Release|Any CPU.ActiveCfg = Release|Any CPU
		{419BA16C-E74F-45CB-92B8-2A405E137E04}.Release|Any CPU.Build.0 = Release|Any CPU
		{33994FE4-B9FD-46B5-BA3C-8A35622689FD}.Debug|Any CPU.ActiveCfg = Debug|Any CPU
		{33994FE4-B9FD-46B5-BA3C-8A35622689FD}.Debug|Any CPU.Build.0 = Debug|Any CPU
		{33994FE4-B9FD-46B5-BA3C-8A35622689FD}.Release|Any CPU.ActiveCfg = Release|Any CPU
		{33994FE4-B9FD-46B5-BA3C-8A35622689FD}.Release|Any CPU.Build.0 = Release|Any CPU
	EndGlobalSection
	GlobalSection(SolutionProperties) = preSolution
		HideSolutionNode = FALSE
	EndGlobalSection
	GlobalSection(ExtensibilityGlobals) = postSolution
		SolutionGuid = {9D9181F4-1D80-4B1C-BAB1-7E713AC37612}
	EndGlobalSection
EndGlobal
